
Microsoft Visual Studio Solution File, Format Version 12.00
# Visual Studio Version 16
VisualStudioVersion = 16.0.31025.194
MinimumVisualStudioVersion = 10.0.40219.1
Project("{FAE04EC0-301F-11D3-BF4B-00C04F79EFBC}") = "ThreadSafeSingleton", "ThreadSafeSingleton\ThreadSafeSingleton.csproj", "{92656C9F-CF73-473C-920B-68D96BA41DFA}"
EndProject
Global
	GlobalSection(SolutionConfigurationPlatforms) = preSolution
		Debug|Any CPU = Debug|Any CPU
		Release|Any CPU = Release|Any CPU
	EndGlobalSection
	GlobalSection(ProjectConfigurationPlatforms) = postSolution
		{92656C9F-CF73-473C-920B-68D96BA41DFA}.Debug|Any CPU.ActiveCfg = Debug|Any CPU
		{92656C9F-CF73-473C-920B-68D96BA41DFA}.Debug|Any CPU.Build.0 = Debug|Any CPU
		{92656C9F-CF73-473C-920B-68D96BA41DFA}.Release|Any CPU.ActiveCfg = Release|Any CPU
		{92656C9F-CF73-473C-920B-68D96BA41DFA}.Release|Any CPU.Build.0 = Release|Any CPU
	EndGlobalSection
	GlobalSection(SolutionProperties) = preSolution
		HideSolutionNode = FALSE
	EndGlobalSection
	GlobalSection(ExtensibilityGlobals) = postSolution
		SolutionGuid = {5F96361C-0C23-415E-BFAA-65CCC8D37A9E}
	EndGlobalSection
EndGlobal
